
Microsoft Visual Studio Solution File, Format Version 12.00
# Visual Studio Version 16
VisualStudioVersion = 16.0.34301.259
MinimumVisualStudioVersion = 10.0.40219.1
Project("{FAE04EC0-301F-11D3-BF4B-00C04F79EFBC}") = "CandyCrush", "CandyCrush\CandyCrush.csproj", "{9B71710C-CB50-4717-ABAF-2BE51CE2B437}"
EndProject
Project("{FAE04EC0-301F-11D3-BF4B-00C04F79EFBC}") = "CandyCurshTest", "CandyCurshTest\CandyCurshTest.csproj", "{B4BA3A70-B3BE-4ECD-AE1F-757781B322FD}"
EndProject
Global
	GlobalSection(SolutionConfigurationPlatforms) = preSolution
		Debug|Any CPU = Debug|Any CPU
		Release|Any CPU = Release|Any CPU
	EndGlobalSection
	GlobalSection(ProjectConfigurationPlatforms) = postSolution
		{9B71710C-CB50-4717-ABAF-2BE51CE2B437}.Debug|Any CPU.ActiveCfg = Debug|Any CPU
		{9B71710C-CB50-4717-ABAF-2BE51CE2B437}.Debug|Any CPU.Build.0 = Debug|Any CPU
		{9B71710C-CB50-4717-ABAF-2BE51CE2B437}.Release|Any CPU.ActiveCfg = Release|Any CPU
		{9B71710C-CB50-4717-ABAF-2BE51CE2B437}.Release|Any CPU.Build.0 = Release|Any CPU
		{B4BA3A70-B3BE-4ECD-AE1F-757781B322FD}.Debug|Any CPU.ActiveCfg = Debug|Any CPU
		{B4BA3A70-B3BE-4ECD-AE1F-757781B322FD}.Debug|Any CPU.Build.0 = Debug|Any CPU
		{B4BA3A70-B3BE-4ECD-AE1F-757781B322FD}.Release|Any CPU.ActiveCfg = Release|Any CPU
		{B4BA3A70-B3BE-4ECD-AE1F-757781B322FD}.Release|Any CPU.Build.0 = Release|Any CPU
	EndGlobalSection
	GlobalSection(SolutionProperties) = preSolution
		HideSolutionNode = FALSE
	EndGlobalSection
	GlobalSection(ExtensibilityGlobals) = postSolution
		SolutionGuid = {DD64FC92-02D0-4BB7-AAD9-B2A45F425505}
	EndGlobalSection
EndGlobal
